// !$*UTF8*$!
{
	archiveVersion = 1;
	classes = {
	};
	objectVersion = 50;
	objects = {

/* Begin PBXBuildFile section */
		8A5B5AD726D1648400F211D1 /* HalfModalViewAssignmentApp.swift in Sources */ = {isa = PBXBuildFile; fileRef = 8A5B5AD626D1648400F211D1 /* HalfModalViewAssignmentApp.swift */; };
		8A5B5AD926D1648400F211D1 /* ContentView.swift in Sources */ = {isa = PBXBuildFile; fileRef = 8A5B5AD826D1648400F211D1 /* ContentView.swift */; };
		8A5B5ADB26D1648700F211D1 /* Assets.xcassets in Resources */ = {isa = PBXBuildFile; fileRef = 8A5B5ADA26D1648700F211D1 /* Assets.xcassets */; };
		8A5B5ADE26D1648700F211D1 /* Preview Assets.xcassets in Resources */ = {isa = PBXBuildFile; fileRef = 8A5B5ADD26D1648700F211D1 /* Preview Assets.xcassets */; };
		8A5B5AE926D1648700F211D1 /* HalfModalViewAssignmentTests.swift in Sources */ = {isa = PBXBuildFile; fileRef = 8A5B5AE826D1648700F211D1 /* HalfModalViewAssignmentTests.swift */; };
		8A5B5AF426D1648700F211D1 /* HalfModalViewAssignmentUITests.swift in Sources */ = {isa = PBXBuildFile; fileRef = 8A5B5AF326D1648700F211D1 /* HalfModalViewAssignmentUITests.swift */; };
		8A5B5B0226D169BD00F211D1 /* ModalView.swift in Sources */ = {isa = PBXBuildFile; fileRef = 8A5B5B0126D169BD00F211D1 /* ModalView.swift */; };
		8A5B5B0426D18A5900F211D1 /* ModalViewModel.swift in Sources */ = {isa = PBXBuildFile; fileRef = 8A5B5B0326D18A5900F211D1 /* ModalViewModel.swift */; };
		8A5B5B0626D1926B00F211D1 /* Model.swift in Sources */ = {isa = PBXBuildFile; fileRef = 8A5B5B0526D1926B00F211D1 /* Model.swift */; };
/* End PBXBuildFile section */

/* Begin PBXContainerItemProxy section */
		8A5B5AE526D1648700F211D1 /* PBXContainerItemProxy */ = {
			isa = PBXContainerItemProxy;
			containerPortal = 8A5B5ACB26D1648400F211D1 /* Project object */;
			proxyType = 1;
			remoteGlobalIDString = 8A5B5AD226D1648400F211D1;
			remoteInfo = HalfModalViewAssignment;
		};
		8A5B5AF026D1648700F211D1 /* PBXContainerItemProxy */ = {
			isa = PBXContainerItemProxy;
			containerPortal = 8A5B5ACB26D1648400F211D1 /* Project object */;
			proxyType = 1;
			remoteGlobalIDString = 8A5B5AD226D1648400F211D1;
			remoteInfo = HalfModalViewAssignment;
		};
/* End PBXContainerItemProxy section */

/* Begin PBXFileReference section */
		8A5B5AD326D1648400F211D1 /* HalfModalViewAssignment.app */ = {isa = PBXFileReference; explicitFileType = wrapper.application; includeInIndex = 0; path = HalfModalViewAssignment.app; sourceTree = BUILT_PRODUCTS_DIR; };
		8A5B5AD626D1648400F211D1 /* HalfModalViewAssignmentApp.swift */ = {isa = PBXFileReference; lastKnownFileType = sourcecode.swift; path = HalfModalViewAssignmentApp.swift; sourceTree = "<group>"; };
		8A5B5AD826D1648400F211D1 /* ContentView.swift */ = {isa = PBXFileReference; lastKnownFileType = sourcecode.swift; path = ContentView.swift; sourceTree = "<group>"; };
		8A5B5ADA26D1648700F211D1 /* Assets.xcassets */ = {isa = PBXFileReference; lastKnownFileType = folder.assetcatalog; path = Assets.xcassets; sourceTree = "<group>"; };
		8A5B5ADD26D1648700F211D1 /* Preview Assets.xcassets */ = {isa = PBXFileReference; lastKnownFileType = folder.assetcatalog; path = "Preview Assets.xcassets"; sourceTree = "<group>"; };
		8A5B5ADF26D1648700F211D1 /* Info.plist */ = {isa = PBXFileReference; lastKnownFileType = text.plist.xml; path = Info.plist; sourceTree = "<group>"; };
		8A5B5AE426D1648700F211D1 /* HalfModalViewAssignmentTests.xctest */ = {isa = PBXFileReference; explicitFileType = wrapper.cfbundle; includeInIndex = 0; path = HalfModalViewAssignmentTests.xctest; sourceTree = BUILT_PRODUCTS_DIR; };
		8A5B5AE826D1648700F211D1 /* HalfModalViewAssignmentTests.swift */ = {isa = PBXFileReference; lastKnownFileType = sourcecode.swift; path = HalfModalViewAssignmentTests.swift; sourceTree = "<group>"; };
		8A5B5AEA26D1648700F211D1 /* Info.plist */ = {isa = PBXFileReference; lastKnownFileType = text.plist.xml; path = Info.plist; sourceTree = "<group>"; };
		8A5B5AEF26D1648700F211D1 /* HalfModalViewAssignmentUITests.xctest */ = {isa = PBXFileReference; explicitFileType = wrapper.cfbundle; includeInIndex = 0; path = HalfModalViewAssignmentUITests.xctest; sourceTree = BUILT_PRODUCTS_DIR; };
		8A5B5AF326D1648700F211D1 /* HalfModalViewAssignmentUITests.swift */ = {isa = PBXFileReference; lastKnownFileType = sourcecode.swift; path = HalfModalViewAssignmentUITests.swift; sourceTree = "<group>"; };
		8A5B5AF526D1648700F211D1 /* Info.plist */ = {isa = PBXFileReference; lastKnownFileType = text.plist.xml; path = Info.plist; sourceTree = "<group>"; };
		8A5B5B0126D169BD00F211D1 /* ModalView.swift */ = {isa = PBXFileReference; lastKnownFileType = sourcecode.swift; path = ModalView.swift; sourceTree = "<group>"; };
		8A5B5B0326D18A5900F211D1 /* ModalViewModel.swift */ = {isa = PBXFileReference; lastKnownFileType = sourcecode.swift; path = ModalViewModel.swift; sourceTree = "<group>"; };
		8A5B5B0526D1926B00F211D1 /* Model.swift */ = {isa = PBXFileReference; lastKnownFileType = sourcecode.swift; path = Model.swift; sourceTree = "<group>"; };
/* End PBXFileReference section */

/* Begin PBXFrameworksBuildPhase section */
		8A5B5AD026D1648400F211D1 /* Frameworks */ = {
			isa = PBXFrameworksBuildPhase;
			buildActionMask = 2147483647;
			files = (
			);
			runOnlyForDeploymentPostprocessing = 0;
		};
		8A5B5AE126D1648700F211D1 /* Frameworks */ = {
			isa = PBXFrameworksBuildPhase;
			buildActionMask = 2147483647;
			files = (
			);
			runOnlyForDeploymentPostprocessing = 0;
		};
		8A5B5AEC26D1648700F211D1 /* Frameworks */ = {
			isa = PBXFrameworksBuildPhase;
			buildActionMask = 2147483647;
			files = (
			);
			runOnlyForDeploymentPostprocessing = 0;
		};
/* End PBXFrameworksBuildPhase section */

/* Begin PBXGroup section */
		8A5B5ACA26D1648400F211D1 = {
			isa = PBXGroup;
			children = (
				8A5B5AD526D1648400F211D1 /* HalfModalViewAssignment */,
				8A5B5AE726D1648700F211D1 /* HalfModalViewAssignmentTests */,
				8A5B5AF226D1648700F211D1 /* HalfModalViewAssignmentUITests */,
				8A5B5AD426D1648400F211D1 /* Products */,
			);
			sourceTree = "<group>";
		};
		8A5B5AD426D1648400F211D1 /* Products */ = {
			isa = PBXGroup;
			children = (
				8A5B5AD326D1648400F211D1 /* HalfModalViewAssignment.app */,
				8A5B5AE426D1648700F211D1 /* HalfModalViewAssignmentTests.xctest */,
				8A5B5AEF26D1648700F211D1 /* HalfModalViewAssignmentUITests.xctest */,
			);
			name = Products;
			sourceTree = "<group>";
		};
		8A5B5AD526D1648400F211D1 /* HalfModalViewAssignment */ = {
			isa = PBXGroup;
			children = (
				8A5B5B0A26D1B2C100F211D1 /* ViewModal */,
				8A5B5AD626D1648400F211D1 /* HalfModalViewAssignmentApp.swift */,
				8A5B5B0926D1B28600F211D1 /* Model */,
				8A5B5B0726D1B25D00F211D1 /* View */,
				8A5B5ADA26D1648700F211D1 /* Assets.xcassets */,
				8A5B5ADF26D1648700F211D1 /* Info.plist */,
				8A5B5ADC26D1648700F211D1 /* Preview Content */,
			);
			path = HalfModalViewAssignment;
			sourceTree = "<group>";
		};
		8A5B5ADC26D1648700F211D1 /* Preview Content */ = {
			isa = PBXGroup;
			children = (
				8A5B5ADD26D1648700F211D1 /* Preview Assets.xcassets */,
			);
			path = "Preview Content";
			sourceTree = "<group>";
		};
		8A5B5AE726D1648700F211D1 /* HalfModalViewAssignmentTests */ = {
			isa = PBXGroup;
			children = (
				8A5B5AE826D1648700F211D1 /* HalfModalViewAssignmentTests.swift */,
				8A5B5AEA26D1648700F211D1 /* Info.plist */,
			);
			path = HalfModalViewAssignmentTests;
			sourceTree = "<group>";
		};
		8A5B5AF226D1648700F211D1 /* HalfModalViewAssignmentUITests */ = {
			isa = PBXGroup;
			children = (
				8A5B5AF326D1648700F211D1 /* HalfModalViewAssignmentUITests.swift */,
				8A5B5AF526D1648700F211D1 /* Info.plist */,
			);
			path = HalfModalViewAssignmentUITests;
			sourceTree = "<group>";
		};
		8A5B5B0726D1B25D00F211D1 /* View */ = {
			isa = PBXGroup;
			children = (
				8A5B5AD826D1648400F211D1 /* ContentView.swift */,
				8A5B5B0126D169BD00F211D1 /* ModalView.swift */,
			);
			path = View;
			sourceTree = "<group>";
		};
		8A5B5B0926D1B28600F211D1 /* Model */ = {
			isa = PBXGroup;
			children = (
				8A5B5B0526D1926B00F211D1 /* Model.swift */,
			);
			path = Model;
			sourceTree = "<group>";
		};
		8A5B5B0A26D1B2C100F211D1 /* ViewModal */ = {
			isa = PBXGroup;
			children = (
				8A5B5B0326D18A5900F211D1 /* ModalViewModel.swift */,
			);
			path = ViewModal;
			sourceTree = "<group>";
		};
/* End PBXGroup section */

/* Begin PBXNativeTarget section */
		8A5B5AD226D1648400F211D1 /* HalfModalViewAssignment */ = {
			isa = PBXNativeTarget;
			buildConfigurationList = 8A5B5AF826D1648700F211D1 /* Build configuration list for PBXNativeTarget "HalfModalViewAssignment" */;
			buildPhases = (
				8A5B5ACF26D1648400F211D1 /* Sources */,
				8A5B5AD026D1648400F211D1 /* Frameworks */,
				8A5B5AD126D1648400F211D1 /* Resources */,
			);
			buildRules = (
			);
			dependencies = (
			);
			name = HalfModalViewAssignment;
			productName = HalfModalViewAssignment;
			productReference = 8A5B5AD326D1648400F211D1 /* HalfModalViewAssignment.app */;
			productType = "com.apple.product-type.application";
		};
		8A5B5AE326D1648700F211D1 /* HalfModalViewAssignmentTests */ = {
			isa = PBXNativeTarget;
			buildConfigurationList = 8A5B5AFB26D1648700F211D1 /* Build configuration list for PBXNativeTarget "HalfModalViewAssignmentTests" */;
			buildPhases = (
				8A5B5AE026D1648700F211D1 /* Sources */,
				8A5B5AE126D1648700F211D1 /* Frameworks */,
				8A5B5AE226D1648700F211D1 /* Resources */,
			);
			buildRules = (
			);
			dependencies = (
				8A5B5AE626D1648700F211D1 /* PBXTargetDependency */,
			);
			name = HalfModalViewAssignmentTests;
			productName = HalfModalViewAssignmentTests;
			productReference = 8A5B5AE426D1648700F211D1 /* HalfModalViewAssignmentTests.xctest */;
			productType = "com.apple.product-type.bundle.unit-test";
		};
		8A5B5AEE26D1648700F211D1 /* HalfModalViewAssignmentUITests */ = {
			isa = PBXNativeTarget;
			buildConfigurationList = 8A5B5AFE26D1648700F211D1 /* Build configuration list for PBXNativeTarget "HalfModalViewAssignmentUITests" */;
			buildPhases = (
				8A5B5AEB26D1648700F211D1 /* Sources */,
				8A5B5AEC26D1648700F211D1 /* Frameworks */,
				8A5B5AED26D1648700F211D1 /* Resources */,
			);
			buildRules = (
			);
			dependencies = (
				8A5B5AF126D1648700F211D1 /* PBXTargetDependency */,
			);
			name = HalfModalViewAssignmentUITests;
			productName = HalfModalViewAssignmentUITests;
			productReference = 8A5B5AEF26D1648700F211D1 /* HalfModalViewAssignmentUITests.xctest */;
			productType = "com.apple.product-type.bundle.ui-testing";
		};
/* End PBXNativeTarget section */

/* Begin PBXProject section */
		8A5B5ACB26D1648400F211D1 /* Project object */ = {
			isa = PBXProject;
			attributes = {
				LastSwiftUpdateCheck = 1250;
				LastUpgradeCheck = 1250;
				TargetAttributes = {
					8A5B5AD226D1648400F211D1 = {
						CreatedOnToolsVersion = 12.5.1;
					};
					8A5B5AE326D1648700F211D1 = {
						CreatedOnToolsVersion = 12.5.1;
						TestTargetID = 8A5B5AD226D1648400F211D1;
					};
					8A5B5AEE26D1648700F211D1 = {
						CreatedOnToolsVersion = 12.5.1;
						TestTargetID = 8A5B5AD226D1648400F211D1;
					};
				};
			};
			buildConfigurationList = 8A5B5ACE26D1648400F211D1 /* Build configuration list for PBXProject "HalfModalViewAssignment" */;
			compatibilityVersion = "Xcode 9.3";
			developmentRegion = en;
			hasScannedForEncodings = 0;
			knownRegions = (
				en,
				Base,
			);
			mainGroup = 8A5B5ACA26D1648400F211D1;
			productRefGroup = 8A5B5AD426D1648400F211D1 /* Products */;
			projectDirPath = "";
			projectRoot = "";
			targets = (
				8A5B5AD226D1648400F211D1 /* HalfModalViewAssignment */,
				8A5B5AE326D1648700F211D1 /* HalfModalViewAssignmentTests */,
				8A5B5AEE26D1648700F211D1 /* HalfModalViewAssignmentUITests */,
			);
		};
/* End PBXProject section */

/* Begin PBXResourcesBuildPhase section */
		8A5B5AD126D1648400F211D1 /* Resources */ = {
			isa = PBXResourcesBuildPhase;
			buildActionMask = 2147483647;
			files = (
				8A5B5ADE26D1648700F211D1 /* Preview Assets.xcassets in Resources */,
				8A5B5ADB26D1648700F211D1 /* Assets.xcassets in Resources */,
			);
			runOnlyForDeploymentPostprocessing = 0;
		};
		8A5B5AE226D1648700F211D1 /* Resources */ = {
			isa = PBXResourcesBuildPhase;
			buildActionMask = 2147483647;
			files = (
			);
			runOnlyForDeploymentPostprocessing = 0;
		};
		8A5B5AED26D1648700F211D1 /* Resources */ = {
			isa = PBXResourcesBuildPhase;
			buildActionMask = 2147483647;
			files = (
			);
			runOnlyForDeploymentPostprocessing = 0;
		};
/* End PBXResourcesBuildPhase section */

/* Begin PBXSourcesBuildPhase section */
		8A5B5ACF26D1648400F211D1 /* Sources */ = {
			isa = PBXSourcesBuildPhase;
			buildActionMask = 2147483647;
			files = (
				8A5B5B0626D1926B00F211D1 /* Model.swift in Sources */,
				8A5B5B0426D18A5900F211D1 /* ModalViewModel.swift in Sources */,
				8A5B5B0226D169BD00F211D1 /* ModalView.swift in Sources */,
				8A5B5AD926D1648400F211D1 /* ContentView.swift in Sources */,
				8A5B5AD726D1648400F211D1 /* HalfModalViewAssignmentApp.swift in Sources */,
			);
			runOnlyForDeploymentPostprocessing = 0;
		};
		8A5B5AE026D1648700F211D1 /* Sources */ = {
			isa = PBXSourcesBuildPhase;
			buildActionMask = 2147483647;
			files = (
				8A5B5AE926D1648700F211D1 /* HalfModalViewAssignmentTests.swift in Sources */,
			);
			runOnlyForDeploymentPostprocessing = 0;
		};
		8A5B5AEB26D1648700F211D1 /* Sources */ = {
			isa = PBXSourcesBuildPhase;
			buildActionMask = 2147483647;
			files = (
				8A5B5AF426D1648700F211D1 /* HalfModalViewAssignmentUITests.swift in Sources */,
			);
			runOnlyForDeploymentPostprocessing = 0;
		};
/* End PBXSourcesBuildPhase section */

/* Begin PBXTargetDependency section */
		8A5B5AE626D1648700F211D1 /* PBXTargetDependency */ = {
			isa = PBXTargetDependency;
			target = 8A5B5AD226D1648400F211D1 /* HalfModalViewAssignment */;
			targetProxy = 8A5B5AE526D1648700F211D1 /* PBXContainerItemProxy */;
		};
		8A5B5AF126D1648700F211D1 /* PBXTargetDependency */ = {
			isa = PBXTargetDependency;
			target = 8A5B5AD226D1648400F211D1 /* HalfModalViewAssignment */;
			targetProxy = 8A5B5AF026D1648700F211D1 /* PBXContainerItemProxy */;
		};
/* End PBXTargetDependency section */

/* Begin XCBuildConfiguration section */
		8A5B5AF626D1648700F211D1 /* Debug */ = {
			isa = XCBuildConfiguration;
			buildSettings = {
				ALWAYS_SEARCH_USER_PATHS = NO;
				CLANG_ANALYZER_NONNULL = YES;
				CLANG_ANALYZER_NUMBER_OBJECT_CONVERSION = YES_AGGRESSIVE;
				CLANG_CXX_LANGUAGE_STANDARD = "gnu++14";
				CLANG_CXX_LIBRARY = "libc++";
				CLANG_ENABLE_MODULES = YES;
				CLANG_ENABLE_OBJC_ARC = YES;
				CLANG_ENABLE_OBJC_WEAK = YES;
				CLANG_WARN_BLOCK_CAPTURE_AUTORELEASING = YES;
				CLANG_WARN_BOOL_CONVERSION = YES;
				CLANG_WARN_COMMA = YES;
				CLANG_WARN_CONSTANT_CONVERSION = YES;
				CLANG_WARN_DEPRECATED_OBJC_IMPLEMENTATIONS = YES;
				CLANG_WARN_DIRECT_OBJC_ISA_USAGE = YES_ERROR;
				CLANG_WARN_DOCUMENTATION_COMMENTS = YES;
				CLANG_WARN_EMPTY_BODY = YES;
				CLANG_WARN_ENUM_CONVERSION = YES;
				CLANG_WARN_INFINITE_RECURSION = YES;
				CLANG_WARN_INT_CONVERSION = YES;
				CLANG_WARN_NON_LITERAL_NULL_CONVERSION = YES;
				CLANG_WARN_OBJC_IMPLICIT_RETAIN_SELF = YES;
				CLANG_WARN_OBJC_LITERAL_CONVERSION = YES;
				CLANG_WARN_OBJC_ROOT_CLASS = YES_ERROR;
				CLANG_WARN_QUOTED_INCLUDE_IN_FRAMEWORK_HEADER = YES;
				CLANG_WARN_RANGE_LOOP_ANALYSIS = YES;
				CLANG_WARN_STRICT_PROTOTYPES = YES;
				CLANG_WARN_SUSPICIOUS_MOVE = YES;
				CLANG_WARN_UNGUARDED_AVAILABILITY = YES_AGGRESSIVE;
				CLANG_WARN_UNREACHABLE_CODE = YES;
				CLANG_WARN__DUPLICATE_METHOD_MATCH = YES;
				COPY_PHASE_STRIP = NO;
				DEBUG_INFORMATION_FORMAT = dwarf;
				ENABLE_STRICT_OBJC_MSGSEND = YES;
				ENABLE_TESTABILITY = YES;
				GCC_C_LANGUAGE_STANDARD = gnu11;
				GCC_DYNAMIC_NO_PIC = NO;
				GCC_NO_COMMON_BLOCKS = YES;
				GCC_OPTIMIZATION_LEVEL = 0;
				GCC_PREPROCESSOR_DEFINITIONS = (
					"DEBUG=1",
					"$(inherited)",
				);
				GCC_WARN_64_TO_32_BIT_CONVERSION = YES;
				GCC_WARN_ABOUT_RETURN_TYPE = YES_ERROR;
				GCC_WARN_UNDECLARED_SELECTOR = YES;
				GCC_WARN_UNINITIALIZED_AUTOS = YES_AGGRESSIVE;
				GCC_WARN_UNUSED_FUNCTION = YES;
				GCC_WARN_UNUSED_VARIABLE = YES;
				IPHONEOS_DEPLOYMENT_TARGET = 14.5;
				MTL_ENABLE_DEBUG_INFO = INCLUDE_SOURCE;
				MTL_FAST_MATH = YES;
				ONLY_ACTIVE_ARCH = YES;
				SDKROOT = iphoneos;
				SWIFT_ACTIVE_COMPILATION_CONDITIONS = DEBUG;
				SWIFT_OPTIMIZATION_LEVEL = "-Onone";
			};
			name = Debug;
		};
		8A5B5AF726D1648700F211D1 /* Release */ = {
			isa = XCBuildConfiguration;
			buildSettings = {
				ALWAYS_SEARCH_USER_PATHS = NO;
				CLANG_ANALYZER_NONNULL = YES;
				CLANG_ANALYZER_NUMBER_OBJECT_CONVERSION = YES_AGGRESSIVE;
				CLANG_CXX_LANGUAGE_STANDARD = "gnu++14";
				CLANG_CXX_LIBRARY = "libc++";
				CLANG_ENABLE_MODULES = YES;
				CLANG_ENABLE_OBJC_ARC = YES;
				CLANG_ENABLE_OBJC_WEAK = YES;
				CLANG_WARN_BLOCK_CAPTURE_AUTORELEASING = YES;
				CLANG_WARN_BOOL_CONVERSION = YES;
				CLANG_WARN_COMMA = YES;
				CLANG_WARN_CONSTANT_CONVERSION = YES;
				CLANG_WARN_DEPRECATED_OBJC_IMPLEMENTATIONS = YES;
				CLANG_WARN_DIRECT_OBJC_ISA_USAGE = YES_ERROR;
				CLANG_WARN_DOCUMENTATION_COMMENTS = YES;
				CLANG_WARN_EMPTY_BODY = YES;
				CLANG_WARN_ENUM_CONVERSION = YES;
				CLANG_WARN_INFINITE_RECURSION = YES;
				CLANG_WARN_INT_CONVERSION = YES;
				CLANG_WARN_NON_LITERAL_NULL_CONVERSION = YES;
				CLANG_WARN_OBJC_IMPLICIT_RETAIN_SELF = YES;
				CLANG_WARN_OBJC_LITERAL_CONVERSION = YES;
				CLANG_WARN_OBJC_ROOT_CLASS = YES_ERROR;
				CLANG_WARN_QUOTED_INCLUDE_IN_FRAMEWORK_HEADER = YES;
				CLANG_WARN_RANGE_LOOP_ANALYSIS = YES;
				CLANG_WARN_STRICT_PROTOTYPES = YES;
				CLANG_WARN_SUSPICIOUS_MOVE = YES;
				CLANG_WARN_UNGUARDED_AVAILABILITY = YES_AGGRESSIVE;
				CLANG_WARN_UNREACHABLE_CODE = YES;
				CLANG_WARN__DUPLICATE_METHOD_MATCH = YES;
				COPY_PHASE_STRIP = NO;
				DEBUG_INFORMATION_FORMAT = "dwarf-with-dsym";
				ENABLE_NS_ASSERTIONS = NO;
				ENABLE_STRICT_OBJC_MSGSEND = YES;
				GCC_C_LANGUAGE_STANDARD = gnu11;
				GCC_NO_COMMON_BLOCKS = YES;
				GCC_WARN_64_TO_32_BIT_CONVERSION = YES;
				GCC_WARN_ABOUT_RETURN_TYPE = YES_ERROR;
				GCC_WARN_UNDECLARED_SELECTOR = YES;
				GCC_WARN_UNINITIALIZED_AUTOS = YES_AGGRESSIVE;
				GCC_WARN_UNUSED_FUNCTION = YES;
				GCC_WARN_UNUSED_VARIABLE = YES;
				IPHONEOS_DEPLOYMENT_TARGET = 14.5;
				MTL_ENABLE_DEBUG_INFO = NO;
				MTL_FAST_MATH = YES;
				SDKROOT = iphoneos;
				SWIFT_COMPILATION_MODE = wholemodule;
				SWIFT_OPTIMIZATION_LEVEL = "-O";
				VALIDATE_PRODUCT = YES;
			};
			name = Release;
		};
		8A5B5AF926D1648700F211D1 /* Debug */ = {
			isa = XCBuildConfiguration;
			buildSettings = {
				ASSETCATALOG_COMPILER_APPICON_NAME = AppIcon;
				ASSETCATALOG_COMPILER_GLOBAL_ACCENT_COLOR_NAME = AccentColor;
				CODE_SIGN_STYLE = Automatic;
				DEVELOPMENT_ASSET_PATHS = "\"HalfModalViewAssignment/Preview Content\"";
				DEVELOPMENT_TEAM = 7MSQX36522;
				ENABLE_PREVIEWS = YES;
				INFOPLIST_FILE = HalfModalViewAssignment/Info.plist;
				IPHONEOS_DEPLOYMENT_TARGET = 14.0;
				LD_RUNPATH_SEARCH_PATHS = (
					"$(inherited)",
					"@executable_path/Frameworks",
				);
				PRODUCT_BUNDLE_IDENTIFIER = AnorexBill.HalfModalViewAssignment;
				PRODUCT_NAME = "$(TARGET_NAME)";
				SWIFT_VERSION = 5.0;
				TARGETED_DEVICE_FAMILY = "1,2";
			};
			name = Debug;
		};
		8A5B5AFA26D1648700F211D1 /* Release */ = {
			isa = XCBuildConfiguration;
			buildSettings = {
				ASSETCATALOG_COMPILER_APPICON_NAME = AppIcon;
				ASSETCATALOG_COMPILER_GLOBAL_ACCENT_COLOR_NAME = AccentColor;
				CODE_SIGN_STYLE = Automatic;
				DEVELOPMENT_ASSET_PATHS = "\"HalfModalViewAssignment/Preview Content\"";
				DEVELOPMENT_TEAM = 7MSQX36522;
				ENABLE_PREVIEWS = YES;
				INFOPLIST_FILE = HalfModalViewAssignment/Info.plist;
				IPHONEOS_DEPLOYMENT_TARGET = 14.0;
				LD_RUNPATH_SEARCH_PATHS = (
					"$(inherited)",
					"@executable_path/Frameworks",
				);
				PRODUCT_BUNDLE_IDENTIFIER = AnorexBill.HalfModalViewAssignment;
				PRODUCT_NAME = "$(TARGET_NAME)";
				SWIFT_VERSION = 5.0;
				TARGETED_DEVICE_FAMILY = "1,2";
			};
			name = Release;
		};
		8A5B5AFC26D1648700F211D1 /* Debug */ = {
			isa = XCBuildConfiguration;
			buildSettings = {
				ALWAYS_EMBED_SWIFT_STANDARD_LIBRARIES = YES;
				BUNDLE_LOADER = "$(TEST_HOST)";
				CODE_SIGN_STYLE = Automatic;
				DEVELOPMENT_TEAM = 7MSQX36522;
				INFOPLIST_FILE = HalfModalViewAssignmentTests/Info.plist;
				IPHONEOS_DEPLOYMENT_TARGET = 14.0;
				LD_RUNPATH_SEARCH_PATHS = (
					"$(inherited)",
					"@executable_path/Frameworks",
					"@loader_path/Frameworks",
				);
				PRODUCT_BUNDLE_IDENTIFIER = AnorexBill.HalfModalViewAssignmentTests;
				PRODUCT_NAME = "$(TARGET_NAME)";
				SWIFT_VERSION = 5.0;
				TARGETED_DEVICE_FAMILY = "1,2";
				TEST_HOST = "$(BUILT_PRODUCTS_DIR)/HalfModalViewAssignment.app/HalfModalViewAssignment";
			};
			name = Debug;
		};
		8A5B5AFD26D1648700F211D1 /* Release */ = {
			isa = XCBuildConfiguration;
			buildSettings = {
				ALWAYS_EMBED_SWIFT_STANDARD_LIBRARIES = YES;
				BUNDLE_LOADER = "$(TEST_HOST)";
				CODE_SIGN_STYLE = Automatic;
				DEVELOPMENT_TEAM = 7MSQX36522;
				INFOPLIST_FILE = HalfModalViewAssignmentTests/Info.plist;
				IPHONEOS_DEPLOYMENT_TARGET = 14.0;
				LD_RUNPATH_SEARCH_PATHS = (
					"$(inherited)",
					"@executable_path/Frameworks",
					"@loader_path/Frameworks",
				);
				PRODUCT_BUNDLE_IDENTIFIER = AnorexBill.HalfModalViewAssignmentTests;
				PRODUCT_NAME = "$(TARGET_NAME)";
				SWIFT_VERSION = 5.0;
				TARGETED_DEVICE_FAMILY = "1,2";
				TEST_HOST = "$(BUILT_PRODUCTS_DIR)/HalfModalViewAssignment.app/HalfModalViewAssignment";
			};
			name = Release;
		};
		8A5B5AFF26D1648700F211D1 /* Debug */ = {
			isa = XCBuildConfiguration;
			buildSettings = {
				ALWAYS_EMBED_SWIFT_STANDARD_LIBRARIES = YES;
				CODE_SIGN_STYLE = Automatic;
				DEVELOPMENT_TEAM = 7MSQX36522;
				INFOPLIST_FILE = HalfModalViewAssignmentUITests/Info.plist;
				LD_RUNPATH_SEARCH_PATHS = (
					"$(inherited)",
					"@executable_path/Frameworks",
					"@loader_path/Frameworks",
				);
				PRODUCT_BUNDLE_IDENTIFIER = AnorexBill.HalfModalViewAssignmentUITests;
				PRODUCT_NAME = "$(TARGET_NAME)";
				SWIFT_VERSION = 5.0;
				TARGETED_DEVICE_FAMILY = "1,2";
				TEST_TARGET_NAME = HalfModalViewAssignment;
			};
			name = Debug;
		};
		8A5B5B0026D1648700F211D1 /* Release */ = {
			isa = XCBuildConfiguration;
			buildSettings = {
				ALWAYS_EMBED_SWIFT_STANDARD_LIBRARIES = YES;
				CODE_SIGN_STYLE = Automatic;
				DEVELOPMENT_TEAM = 7MSQX36522;
				INFOPLIST_FILE = HalfModalViewAssignmentUITests/Info.plist;
				LD_RUNPATH_SEARCH_PATHS = (
					"$(inherited)",
					"@executable_path/Frameworks",
					"@loader_path/Frameworks",
				);
				PRODUCT_BUNDLE_IDENTIFIER = AnorexBill.HalfModalViewAssignmentUITests;
				PRODUCT_NAME = "$(TARGET_NAME)";
				SWIFT_VERSION = 5.0;
				TARGETED_DEVICE_FAMILY = "1,2";
				TEST_TARGET_NAME = HalfModalViewAssignment;
			};
			name = Release;
		};
/* End XCBuildConfiguration section */

/* Begin XCConfigurationList section */
		8A5B5ACE26D1648400F211D1 /* Build configuration list for PBXProject "HalfModalViewAssignment" */ = {
			isa = XCConfigurationList;
			buildConfigurations = (
				8A5B5AF626D1648700F211D1 /* Debug */,
				8A5B5AF726D1648700F211D1 /* Release */,
			);
			defaultConfigurationIsVisible = 0;
			defaultConfigurationName = Release;
		};
		8A5B5AF826D1648700F211D1 /* Build configuration list for PBXNativeTarget "HalfModalViewAssignment" */ = {
			isa = XCConfigurationList;
			buildConfigurations = (
				8A5B5AF926D1648700F211D1 /* Debug */,
				8A5B5AFA26D1648700F211D1 /* Release */,
			);
			defaultConfigurationIsVisible = 0;
			defaultConfigurationName = Release;
		};
		8A5B5AFB26D1648700F211D1 /* Build configuration list for PBXNativeTarget "HalfModalViewAssignmentTests" */ = {
			isa = XCConfigurationList;
			buildConfigurations = (
				8A5B5AFC26D1648700F211D1 /* Debug */,
				8A5B5AFD26D1648700F211D1 /* Release */,
			);
			defaultConfigurationIsVisible = 0;
			defaultConfigurationName = Release;
		};
		8A5B5AFE26D1648700F211D1 /* Build configuration list for PBXNativeTarget "HalfModalViewAssignmentUITests" */ = {
			isa = XCConfigurationList;
			buildConfigurations = (
				8A5B5AFF26D1648700F211D1 /* Debug */,
				8A5B5B0026D1648700F211D1 /* Release */,
			);
			defaultConfigurationIsVisible = 0;
			defaultConfigurationName = Release;
		};
/* End XCConfigurationList section */
	};
	rootObject = 8A5B5ACB26D1648400F211D1 /* Project object */;
}
